Microsoft Visual Studio Solution File, Format Version 12.00
# Visual Studio Version 17
VisualStudioVersion = 17.5.2.0
MinimumVisualStudioVersion = 10.0.40219.1
Project("{2150E333-8FDC-42A3-9474-1A3956D46DE8}") = "src", "src", "{827E0CD3-B72D-47B6-A68D-7590B98EB39B}"
EndProject
Project("{FAE04EC0-301F-11D3-BF4B-00C04F79EFBC}") = "HideTaskBar", "src\HideTaskBar\HideTaskBar.csproj", "{CEFB836A-813B-12C6-6399-EB6A3C4A07AF}"
EndProject
Global
	GlobalSection(SolutionConfigurationPlatforms) = preSolution
		Debug|Any CPU = Debug|Any CPU
		Release|Any CPU = Release|Any CPU
	EndGlobalSection
	GlobalSection(ProjectConfigurationPlatforms) = postSolution
		{CEFB836A-813B-12C6-6399-EB6A3C4A07AF}.Debug|Any CPU.ActiveCfg = Debug|Any CPU
		{CEFB836A-813B-12C6-6399-EB6A3C4A07AF}.Debug|Any CPU.Build.0 = Debug|Any CPU
		{CEFB836A-813B-12C6-6399-EB6A3C4A07AF}.Release|Any CPU.ActiveCfg = Release|Any CPU
		{CEFB836A-813B-12C6-6399-EB6A3C4A07AF}.Release|Any CPU.Build.0 = Release|Any CPU
	EndGlobalSection
	GlobalSection(SolutionProperties) = preSolution
		HideSolutionNode = FALSE
	EndGlobalSection
	GlobalSection(NestedProjects) = preSolution
		{CEFB836A-813B-12C6-6399-EB6A3C4A07AF} = {827E0CD3-B72D-47B6-A68D-7590B98EB39B}
	EndGlobalSection
	GlobalSection(ExtensibilityGlobals) = postSolution
		SolutionGuid = {D9469045-B679-47F5-B3BF-26BCE394C840}
	EndGlobalSection
EndGlobal
